// !$*UTF8*$!
{
	archiveVersion = 1;
	classes = {
	};
	objectVersion = 46;
	objects = {

/* Begin PBXBuildFile section */
		6B64C0F31B84C7C300288BE3 /* AppDelegate.swift in Sources */ = {isa = PBXBuildFile; fileRef = 6B64C0F21B84C7C300288BE3 /* AppDelegate.swift */; };
		6B64C0F81B84C7C300288BE3 /* Main.storyboard in Resources */ = {isa = PBXBuildFile; fileRef = 6B64C0F61B84C7C300288BE3 /* Main.storyboard */; };
		6B64C0FA1B84C7C300288BE3 /* Assets.xcassets in Resources */ = {isa = PBXBuildFile; fileRef = 6B64C0F91B84C7C300288BE3 /* Assets.xcassets */; };
		6B64C0FD1B84C7C300288BE3 /* LaunchScreen.storyboard in Resources */ = {isa = PBXBuildFile; fileRef = 6B64C0FB1B84C7C300288BE3 /* LaunchScreen.storyboard */; };
		6B64C1211B84C8EB00288BE3 /* LapHistoryViewController.swift in Sources */ = {isa = PBXBuildFile; fileRef = 6B64C1201B84C8EB00288BE3 /* LapHistoryViewController.swift */; };
		6B64C1231B84C9C900288BE3 /* LapHistoryRecord.swift in Sources */ = {isa = PBXBuildFile; fileRef = 6B64C1221B84C9C900288BE3 /* LapHistoryRecord.swift */; };
		9904125B23B5428000FB90C8 /* TimerViewController.swift in Sources */ = {isa = PBXBuildFile; fileRef = 9904125A23B5428000FB90C8 /* TimerViewController.swift */; };
		99741FCA23D39FCC00B78A61 /* WeatherForecastViewController.swift in Sources */ = {isa = PBXBuildFile; fileRef = 99741FC923D39FCC00B78A61 /* WeatherForecastViewController.swift */; };
		99A24EC123D69C5F00B00AC7 /* TimeDateUtils.swift in Sources */ = {isa = PBXBuildFile; fileRef = 99A24EC023D69C5F00B00AC7 /* TimeDateUtils.swift */; };
		99D4CD0F23D3DCBE00897CB8 /* WeatherInformation.swift in Sources */ = {isa = PBXBuildFile; fileRef = 99D4CD0E23D3DCBE00897CB8 /* WeatherInformation.swift */; };
		99D4CD1123D3DDC600897CB8 /* WeatherErrorResponse.swift in Sources */ = {isa = PBXBuildFile; fileRef = 99D4CD1023D3DDC600897CB8 /* WeatherErrorResponse.swift */; };
		99D4CD1323D3E09B00897CB8 /* OpenWeatherClient.swift in Sources */ = {isa = PBXBuildFile; fileRef = 99D4CD1223D3E09B00897CB8 /* OpenWeatherClient.swift */; };
		99D64C5F23DD1DC6009D839C /* TableRowViewController.swift in Sources */ = {isa = PBXBuildFile; fileRef = 99D64C5E23DD1DC6009D839C /* TableRowViewController.swift */; };
		99FA4AB823BECDD600D30E4D /* DataController.swift in Sources */ = {isa = PBXBuildFile; fileRef = 99FA4AB723BECDD600D30E4D /* DataController.swift */; };
		99FA4ABE23BED36C00D30E4D /* MyLapCounter.xcdatamodeld in Sources */ = {isa = PBXBuildFile; fileRef = 99FA4ABC23BED36C00D30E4D /* MyLapCounter.xcdatamodeld */; };
/* End PBXBuildFile section */

/* Begin PBXFileReference section */
		6B64C0EF1B84C7C300288BE3 /* MyLapCounter.app */ = {isa = PBXFileReference; explicitFileType = wrapper.application; includeInIndex = 0; path = MyLapCounter.app; sourceTree = BUILT_PRODUCTS_DIR; };
		6B64C0F21B84C7C300288BE3 /* AppDelegate.swift */ = {isa = PBXFileReference; lastKnownFileType = sourcecode.swift; path = AppDelegate.swift; sourceTree = "<group>"; };
		6B64C0F71B84C7C300288BE3 /* Base */ = {isa = PBXFileReference; lastKnownFileType = file.storyboard; name = Base; path = Base.lproj/Main.storyboard; sourceTree = "<group>"; };
		6B64C0F91B84C7C300288BE3 /* Assets.xcassets */ = {isa = PBXFileReference; lastKnownFileType = folder.assetcatalog; path = Assets.xcassets; sourceTree = "<group>"; };
		6B64C0FC1B84C7C300288BE3 /* Base */ = {isa = PBXFileReference; lastKnownFileType = file.storyboard; name = Base; path = Base.lproj/LaunchScreen.storyboard; sourceTree = "<group>"; };
		6B64C0FE1B84C7C300288BE3 /* Info.plist */ = {isa = PBXFileReference; lastKnownFileType = text.plist.xml; path = Info.plist; sourceTree = "<group>"; };
		6B64C1201B84C8EB00288BE3 /* LapHistoryViewController.swift */ = {isa = PBXFileReference; fileEncoding = 4; lastKnownFileType = sourcecode.swift; path = LapHistoryViewController.swift; sourceTree = "<group>"; };
		6B64C1221B84C9C900288BE3 /* LapHistoryRecord.swift */ = {isa = PBXFileReference; fileEncoding = 4; lastKnownFileType = sourcecode.swift; path = LapHistoryRecord.swift; sourceTree = "<group>"; };
		9904125A23B5428000FB90C8 /* TimerViewController.swift */ = {isa = PBXFileReference; fileEncoding = 4; lastKnownFileType = sourcecode.swift; path = TimerViewController.swift; sourceTree = "<group>"; };
		99741FC923D39FCC00B78A61 /* WeatherForecastViewController.swift */ = {isa = PBXFileReference; lastKnownFileType = sourcecode.swift; path = WeatherForecastViewController.swift; sourceTree = "<group>"; };
		99A24EC023D69C5F00B00AC7 /* TimeDateUtils.swift */ = {isa = PBXFileReference; lastKnownFileType = sourcecode.swift; path = TimeDateUtils.swift; sourceTree = "<group>"; };
		99D4CD0E23D3DCBE00897CB8 /* WeatherInformation.swift */ = {isa = PBXFileReference; lastKnownFileType = sourcecode.swift; path = WeatherInformation.swift; sourceTree = "<group>"; };
		99D4CD1023D3DDC600897CB8 /* WeatherErrorResponse.swift */ = {isa = PBXFileReference; lastKnownFileType = sourcecode.swift; path = WeatherErrorResponse.swift; sourceTree = "<group>"; };
		99D4CD1223D3E09B00897CB8 /* OpenWeatherClient.swift */ = {isa = PBXFileReference; lastKnownFileType = sourcecode.swift; path = OpenWeatherClient.swift; sourceTree = "<group>"; };
		99D64C5E23DD1DC6009D839C /* TableRowViewController.swift */ = {isa = PBXFileReference; lastKnownFileType = sourcecode.swift; path = TableRowViewController.swift; sourceTree = "<group>"; };
		99FA4AB723BECDD600D30E4D /* DataController.swift */ = {isa = PBXFileReference; lastKnownFileType = sourcecode.swift; path = DataController.swift; sourceTree = "<group>"; };
		99FA4ABD23BED36C00D30E4D /* MyLapCounter.xcdatamodel */ = {isa = PBXFileReference; lastKnownFileType = wrapper.xcdatamodel; path = MyLapCounter.xcdatamodel; sourceTree = "<group>"; };
/* End PBXFileReference section */

/* Begin PBXFrameworksBuildPhase section */
		6B64C0EC1B84C7C300288BE3 /* Frameworks */ = {
			isa = PBXFrameworksBuildPhase;
			buildActionMask = 2147483647;
			files = (
			);
			runOnlyForDeploymentPostprocessing = 0;
		};
/* End PBXFrameworksBuildPhase section */

/* Begin PBXGroup section */
		6B64C0E61B84C7C300288BE3 = {
			isa = PBXGroup;
			children = (
				6B64C0F11B84C7C300288BE3 /* MyLapCounter */,
				6B64C0F01B84C7C300288BE3 /* Products */,
			);
			sourceTree = "<group>";
		};
		6B64C0F01B84C7C300288BE3 /* Products */ = {
			isa = PBXGroup;
			children = (
				6B64C0EF1B84C7C300288BE3 /* MyLapCounter.app */,
			);
			name = Products;
			sourceTree = "<group>";
		};
		6B64C0F11B84C7C300288BE3 /* MyLapCounter */ = {
			isa = PBXGroup;
			children = (
				99FA4AB523BEC42900D30E4D /* Assets */,
				99FA4AB423BEC41E00D30E4D /* Controller */,
				99FA4AB323BEC3EE00D30E4D /* View */,
				99FA4AB223BEC3E500D30E4D /* Model */,
				6B64C0F21B84C7C300288BE3 /* AppDelegate.swift */,
				6B64C0FE1B84C7C300288BE3 /* Info.plist */,
			);
			path = MyLapCounter;
			sourceTree = "<group>";
		};
		99D4CD0C23D3DC2100897CB8 /* Openweathermap Client */ = {
			isa = PBXGroup;
			children = (
				99D4CD0E23D3DCBE00897CB8 /* WeatherInformation.swift */,
				99D4CD1223D3E09B00897CB8 /* OpenWeatherClient.swift */,
			);
			path = "Openweathermap Client";
			sourceTree = "<group>";
		};
		99D4CD0D23D3DC3A00897CB8 /* Openweathermap Response */ = {
			isa = PBXGroup;
			children = (
				99D4CD1023D3DDC600897CB8 /* WeatherErrorResponse.swift */,
			);
			path = "Openweathermap Response";
			sourceTree = "<group>";
		};
		99FA4AB223BEC3E500D30E4D /* Model */ = {
			isa = PBXGroup;
			children = (
				99FA4AB623BECDA600D30E4D /* Data */,
				99D4CD0C23D3DC2100897CB8 /* Openweathermap Client */,
				99D4CD0D23D3DC3A00897CB8 /* Openweathermap Response */,
				6B64C1221B84C9C900288BE3 /* LapHistoryRecord.swift */,
			);
			path = Model;
			sourceTree = "<group>";
		};
		99FA4AB323BEC3EE00D30E4D /* View */ = {
			isa = PBXGroup;
			children = (
			);
			path = View;
			sourceTree = "<group>";
		};
		99FA4AB423BEC41E00D30E4D /* Controller */ = {
			isa = PBXGroup;
			children = (
				9904125A23B5428000FB90C8 /* TimerViewController.swift */,
				6B64C1201B84C8EB00288BE3 /* LapHistoryViewController.swift */,
				99741FC923D39FCC00B78A61 /* WeatherForecastViewController.swift */,
				99A24EC023D69C5F00B00AC7 /* TimeDateUtils.swift */,
				99D64C5E23DD1DC6009D839C /* TableRowViewController.swift */,
			);
			path = Controller;
			sourceTree = "<group>";
		};
		99FA4AB523BEC42900D30E4D /* Assets */ = {
			isa = PBXGroup;
			children = (
				6B64C0F61B84C7C300288BE3 /* Main.storyboard */,
				6B64C0F91B84C7C300288BE3 /* Assets.xcassets */,
				6B64C0FB1B84C7C300288BE3 /* LaunchScreen.storyboard */,
			);
			path = Assets;
			sourceTree = "<group>";
		};
		99FA4AB623BECDA600D30E4D /* Data */ = {
			isa = PBXGroup;
			children = (
				99FA4AB723BECDD600D30E4D /* DataController.swift */,
				99FA4ABC23BED36C00D30E4D /* MyLapCounter.xcdatamodeld */,
			);
			path = Data;
			sourceTree = "<group>";
		};
/* End PBXGroup section */

/* Begin PBXNativeTarget section */
		6B64C0EE1B84C7C300288BE3 /* MyLapCounter */ = {
			isa = PBXNativeTarget;
			buildConfigurationList = 6B64C1171B84C7C300288BE3 /* Build configuration list for PBXNativeTarget "MyLapCounter" */;
			buildPhases = (
				6B64C0EB1B84C7C300288BE3 /* Sources */,
				6B64C0EC1B84C7C300288BE3 /* Frameworks */,
				6B64C0ED1B84C7C300288BE3 /* Resources */,
			);
			buildRules = (
			);
			dependencies = (
			);
			name = MyLapCounter;
			productName = Homepwner;
			productReference = 6B64C0EF1B84C7C300288BE3 /* MyLapCounter.app */;
			productType = "com.apple.product-type.application";
		};
/* End PBXNativeTarget section */

/* Begin PBXProject section */
		6B64C0E71B84C7C300288BE3 /* Project object */ = {
			isa = PBXProject;
			attributes = {
				LastUpgradeCheck = 1030;
				ORGANIZATIONNAME = "John Berndt";
				TargetAttributes = {
					6B64C0EE1B84C7C300288BE3 = {
						CreatedOnToolsVersion = 7.0;
						DevelopmentTeam = 7ZV758UL5V;
						LastSwiftMigration = 0800;
					};
				};
			};
			buildConfigurationList = 6B64C0EA1B84C7C300288BE3 /* Build configuration list for PBXProject "MyLapCounter" */;
			compatibilityVersion = "Xcode 3.2";
			developmentRegion = en;
			hasScannedForEncodings = 0;
			knownRegions = (
				en,
				Base,
			);
			mainGroup = 6B64C0E61B84C7C300288BE3;
			productRefGroup = 6B64C0F01B84C7C300288BE3 /* Products */;
			projectDirPath = "";
			projectRoot = "";
			targets = (
				6B64C0EE1B84C7C300288BE3 /* MyLapCounter */,
			);
		};
/* End PBXProject section */

/* Begin PBXResourcesBuildPhase section */
		6B64C0ED1B84C7C300288BE3 /* Resources */ = {
			isa = PBXResourcesBuildPhase;
			buildActionMask = 2147483647;
			files = (
				6B64C0FD1B84C7C300288BE3 /* LaunchScreen.storyboard in Resources */,
				6B64C0FA1B84C7C300288BE3 /* Assets.xcassets in Resources */,
				6B64C0F81B84C7C300288BE3 /* Main.storyboard in Resources */,
			);
			runOnlyForDeploymentPostprocessing = 0;
		};
/* End PBXResourcesBuildPhase section */

/* Begin PBXSourcesBuildPhase section */
		6B64C0EB1B84C7C300288BE3 /* Sources */ = {
			isa = PBXSourcesBuildPhase;
			buildActionMask = 2147483647;
			files = (
				9904125B23B5428000FB90C8 /* TimerViewController.swift in Sources */,
				99D4CD0F23D3DCBE00897CB8 /* WeatherInformation.swift in Sources */,
				99D64C5F23DD1DC6009D839C /* TableRowViewController.swift in Sources */,
				99D4CD1123D3DDC600897CB8 /* WeatherErrorResponse.swift in Sources */,
				99D4CD1323D3E09B00897CB8 /* OpenWeatherClient.swift in Sources */,
				99FA4AB823BECDD600D30E4D /* DataController.swift in Sources */,
				6B64C1211B84C8EB00288BE3 /* LapHistoryViewController.swift in Sources */,
				99A24EC123D69C5F00B00AC7 /* TimeDateUtils.swift in Sources */,
				6B64C1231B84C9C900288BE3 /* LapHistoryRecord.swift in Sources */,
				6B64C0F31B84C7C300288BE3 /* AppDelegate.swift in Sources */,
				99FA4ABE23BED36C00D30E4D /* MyLapCounter.xcdatamodeld in Sources */,
				99741FCA23D39FCC00B78A61 /* WeatherForecastViewController.swift in Sources */,
			);
			runOnlyForDeploymentPostprocessing = 0;
		};
/* End PBXSourcesBuildPhase section */

/* Begin PBXVariantGroup section */
		6B64C0F61B84C7C300288BE3 /* Main.storyboard */ = {
			isa = PBXVariantGroup;
			children = (
				6B64C0F71B84C7C300288BE3 /* Base */,
			);
			name = Main.storyboard;
			sourceTree = "<group>";
		};
		6B64C0FB1B84C7C300288BE3 /* LaunchScreen.storyboard */ = {
			isa = PBXVariantGroup;
			children = (
				6B64C0FC1B84C7C300288BE3 /* Base */,
			);
			name = LaunchScreen.storyboard;
			sourceTree = "<group>";
		};
/* End PBXVariantGroup section */

/* Begin XCBuildConfiguration section */
		6B64C1151B84C7C300288BE3 /* Debug */ = {
			isa = XCBuildConfiguration;
			buildSettings = {
				ALWAYS_SEARCH_USER_PATHS = NO;
				CLANG_ANALYZER_LOCALIZABILITY_NONLOCALIZED = YES;
				CLANG_CXX_LANGUAGE_STANDARD = "gnu++0x";
				CLANG_CXX_LIBRARY = "libc++";
				CLANG_ENABLE_MODULES = YES;
				CLANG_ENABLE_OBJC_ARC = YES;
				CLANG_WARN_BLOCK_CAPTURE_AUTORELEASING = YES;
				CLANG_WARN_BOOL_CONVERSION = YES;
				CLANG_WARN_COMMA = YES;
				CLANG_WARN_CONSTANT_CONVERSION = YES;
				CLANG_WARN_DEPRECATED_OBJC_IMPLEMENTATIONS = YES;
				CLANG_WARN_DIRECT_OBJC_ISA_USAGE = YES_ERROR;
				CLANG_WARN_EMPTY_BODY = YES;
				CLANG_WARN_ENUM_CONVERSION = YES;
				CLANG_WARN_INFINITE_RECURSION = YES;
				CLANG_WARN_INT_CONVERSION = YES;
				CLANG_WARN_NON_LITERAL_NULL_CONVERSION = YES;
				CLANG_WARN_OBJC_IMPLICIT_RETAIN_SELF = YES;
				CLANG_WARN_OBJC_LITERAL_CONVERSION = YES;
				CLANG_WARN_OBJC_ROOT_CLASS = YES_ERROR;
				CLANG_WARN_RANGE_LOOP_ANALYSIS = YES;
				CLANG_WARN_STRICT_PROTOTYPES = YES;
				CLANG_WARN_SUSPICIOUS_MOVE = YES;
				CLANG_WARN_UNREACHABLE_CODE = YES;
				CLANG_WARN__DUPLICATE_METHOD_MATCH = YES;
				"CODE_SIGN_IDENTITY[sdk=iphoneos*]" = "iPhone Developer";
				COPY_PHASE_STRIP = NO;
				DEBUG_INFORMATION_FORMAT = dwarf;
				ENABLE_STRICT_OBJC_MSGSEND = YES;
				ENABLE_TESTABILITY = YES;
				GCC_C_LANGUAGE_STANDARD = gnu99;
				GCC_DYNAMIC_NO_PIC = NO;
				GCC_NO_COMMON_BLOCKS = YES;
				GCC_OPTIMIZATION_LEVEL = 0;
				GCC_PREPROCESSOR_DEFINITIONS = (
					"DEBUG=1",
					"$(inherited)",
				);
				GCC_WARN_64_TO_32_BIT_CONVERSION = YES;
				GCC_WARN_ABOUT_RETURN_TYPE = YES_ERROR;
				GCC_WARN_UNDECLARED_SELECTOR = YES;
				GCC_WARN_UNINITIALIZED_AUTOS = YES_AGGRESSIVE;
				GCC_WARN_UNUSED_FUNCTION = YES;
				GCC_WARN_UNUSED_VARIABLE = YES;
				IPHONEOS_DEPLOYMENT_TARGET = 10.0;
				MTL_ENABLE_DEBUG_INFO = YES;
				ONLY_ACTIVE_ARCH = YES;
				SDKROOT = iphoneos;
				SWIFT_OPTIMIZATION_LEVEL = "-Onone";
				SWIFT_SWIFT3_OBJC_INFERENCE = Off;
			};
			name = Debug;
		};
		6B64C1161B84C7C300288BE3 /* Release */ = {
			isa = XCBuildConfiguration;
			buildSettings = {
				ALWAYS_SEARCH_USER_PATHS = NO;
				CLANG_ANALYZER_LOCALIZABILITY_NONLOCALIZED = YES;
				CLANG_CXX_LANGUAGE_STANDARD = "gnu++0x";
				CLANG_CXX_LIBRARY = "libc++";
				CLANG_ENABLE_MODULES = YES;
				CLANG_ENABLE_OBJC_ARC = YES;
				CLANG_WARN_BLOCK_CAPTURE_AUTORELEASING = YES;
				CLANG_WARN_BOOL_CONVERSION = YES;
				CLANG_WARN_COMMA = YES;
				CLANG_WARN_CONSTANT_CONVERSION = YES;
				CLANG_WARN_DEPRECATED_OBJC_IMPLEMENTATIONS = YES;
				CLANG_WARN_DIRECT_OBJC_ISA_USAGE = YES_ERROR;
				CLANG_WARN_EMPTY_BODY = YES;
				CLANG_WARN_ENUM_CONVERSION = YES;
				CLANG_WARN_INFINITE_RECURSION = YES;
				CLANG_WARN_INT_CONVERSION = YES;
				CLANG_WARN_NON_LITERAL_NULL_CONVERSION = YES;
				CLANG_WARN_OBJC_IMPLICIT_RETAIN_SELF = YES;
				CLANG_WARN_OBJC_LITERAL_CONVERSION = YES;
				CLANG_WARN_OBJC_ROOT_CLASS = YES_ERROR;
				CLANG_WARN_RANGE_LOOP_ANALYSIS = YES;
				CLANG_WARN_STRICT_PROTOTYPES = YES;
				CLANG_WARN_SUSPICIOUS_MOVE = YES;
				CLANG_WARN_UNREACHABLE_CODE = YES;
				CLANG_WARN__DUPLICATE_METHOD_MATCH = YES;
				"CODE_SIGN_IDENTITY[sdk=iphoneos*]" = "iPhone Developer";
				COPY_PHASE_STRIP = NO;
				DEBUG_INFORMATION_FORMAT = "dwarf-with-dsym";
				ENABLE_NS_ASSERTIONS = NO;
				ENABLE_STRICT_OBJC_MSGSEND = YES;
				GCC_C_LANGUAGE_STANDARD = gnu99;
				GCC_NO_COMMON_BLOCKS = YES;
				GCC_WARN_64_TO_32_BIT_CONVERSION = YES;
				GCC_WARN_ABOUT_RETURN_TYPE = YES_ERROR;
				GCC_WARN_UNDECLARED_SELECTOR = YES;
				GCC_WARN_UNINITIALIZED_AUTOS = YES_AGGRESSIVE;
				GCC_WARN_UNUSED_FUNCTION = YES;
				GCC_WARN_UNUSED_VARIABLE = YES;
				IPHONEOS_DEPLOYMENT_TARGET = 10.0;
				MTL_ENABLE_DEBUG_INFO = NO;
				SDKROOT = iphoneos;
				SWIFT_SWIFT3_OBJC_INFERENCE = Off;
				VALIDATE_PRODUCT = YES;
			};
			name = Release;
		};
		6B64C1181B84C7C300288BE3 /* Debug */ = {
			isa = XCBuildConfiguration;
			buildSettings = {
				ASSETCATALOG_COMPILER_APPICON_NAME = AppIcon;
				DEVELOPMENT_TEAM = 7ZV758UL5V;
				INFOPLIST_FILE = MyLapCounter/Info.plist;
				IPHONEOS_DEPLOYMENT_TARGET = 10.0;
				LD_RUNPATH_SEARCH_PATHS = "$(inherited) @executable_path/Frameworks";
				PRODUCT_BUNDLE_IDENTIFIER = com.siegersoft.MyLapCounter;
				PRODUCT_NAME = "$(TARGET_NAME)";
				SWIFT_SWIFT3_OBJC_INFERENCE = Default;
				SWIFT_VERSION = 4.2;
			};
			name = Debug;
		};
		6B64C1191B84C7C300288BE3 /* Release */ = {
			isa = XCBuildConfiguration;
			buildSettings = {
				ASSETCATALOG_COMPILER_APPICON_NAME = AppIcon;
				DEVELOPMENT_TEAM = 7ZV758UL5V;
				INFOPLIST_FILE = MyLapCounter/Info.plist;
				IPHONEOS_DEPLOYMENT_TARGET = 10.0;
				LD_RUNPATH_SEARCH_PATHS = "$(inherited) @executable_path/Frameworks";
				PRODUCT_BUNDLE_IDENTIFIER = com.siegersoft.MyLapCounter;
				PRODUCT_NAME = "$(TARGET_NAME)";
				SWIFT_OPTIMIZATION_LEVEL = "-Owholemodule";
				SWIFT_SWIFT3_OBJC_INFERENCE = Default;
				SWIFT_VERSION = 4.2;
			};
			name = Release;
		};
/* End XCBuildConfiguration section */

/* Begin XCConfigurationList section */
		6B64C0EA1B84C7C300288BE3 /* Build configuration list for PBXProject "MyLapCounter" */ = {
			isa = XCConfigurationList;
			buildConfigurations = (
				6B64C1151B84C7C300288BE3 /* Debug */,
				6B64C1161B84C7C300288BE3 /* Release */,
			);
			defaultConfigurationIsVisible = 0;
			defaultConfigurationName = Release;
		};
		6B64C1171B84C7C300288BE3 /* Build configuration list for PBXNativeTarget "MyLapCounter" */ = {
			isa = XCConfigurationList;
			buildConfigurations = (
				6B64C1181B84C7C300288BE3 /* Debug */,
				6B64C1191B84C7C300288BE3 /* Release */,
			);
			defaultConfigurationIsVisible = 0;
			defaultConfigurationName = Release;
		};
/* End XCConfigurationList section */

/* Begin XCVersionGroup section */
		99FA4ABC23BED36C00D30E4D /* MyLapCounter.xcdatamodeld */ = {
			isa = XCVersionGroup;
			children = (
				99FA4ABD23BED36C00D30E4D /* MyLapCounter.xcdatamodel */,
			);
			currentVersion = 99FA4ABD23BED36C00D30E4D /* MyLapCounter.xcdatamodel */;
			path = MyLapCounter.xcdatamodeld;
			sourceTree = "<group>";
			versionGroupType = wrapper.xcdatamodel;
		};
/* End XCVersionGroup section */
	};
	rootObject = 6B64C0E71B84C7C300288BE3 /* Project object */;
}
